// !$*UTF8*$!
{
	archiveVersion = 1;
	classes = {
	};
	objectVersion = 50;
	objects = {

/* Begin PBXBuildFile section */
		F96088E822F7385D003658C1 /* blockTrackers.json in Resources */ = {isa = PBXBuildFile; fileRef = F96088E722F7385D003658C1 /* blockTrackers.json */; };
		F97208FB22F7485400933BBF /* BlockerConfiguration.swift in Sources */ = {isa = PBXBuildFile; fileRef = F97208FA22F7485400933BBF /* BlockerConfiguration.swift */; };
		F987F86922F38CB100006141 /* AppDelegate.swift in Sources */ = {isa = PBXBuildFile; fileRef = F987F86822F38CB100006141 /* AppDelegate.swift */; };
		F987F86B22F38CB100006141 /* ViewController.swift in Sources */ = {isa = PBXBuildFile; fileRef = F987F86A22F38CB100006141 /* ViewController.swift */; };
		F987F86E22F38CB100006141 /* Main.storyboard in Resources */ = {isa = PBXBuildFile; fileRef = F987F86C22F38CB100006141 /* Main.storyboard */; };
		F987F87022F38CB300006141 /* Assets.xcassets in Resources */ = {isa = PBXBuildFile; fileRef = F987F86F22F38CB300006141 /* Assets.xcassets */; };
		F987F87322F38CB300006141 /* LaunchScreen.storyboard in Resources */ = {isa = PBXBuildFile; fileRef = F987F87122F38CB300006141 /* LaunchScreen.storyboard */; };
/* End PBXBuildFile section */

/* Begin PBXFileReference section */
		F96088E722F7385D003658C1 /* blockTrackers.json */ = {isa = PBXFileReference; fileEncoding = 4; lastKnownFileType = text.json; path = blockTrackers.json; sourceTree = "<group>"; };
		F97208FA22F7485400933BBF /* BlockerConfiguration.swift */ = {isa = PBXFileReference; lastKnownFileType = sourcecode.swift; path = BlockerConfiguration.swift; sourceTree = "<group>"; };
		F987F86522F38CB100006141 /* BlockingWebBrowser.app */ = {isa = PBXFileReference; explicitFileType = wrapper.application; includeInIndex = 0; path = BlockingWebBrowser.app; sourceTree = BUILT_PRODUCTS_DIR; };
		F987F86822F38CB100006141 /* AppDelegate.swift */ = {isa = PBXFileReference; lastKnownFileType = sourcecode.swift; path = AppDelegate.swift; sourceTree = "<group>"; };
		F987F86A22F38CB100006141 /* ViewController.swift */ = {isa = PBXFileReference; lastKnownFileType = sourcecode.swift; path = ViewController.swift; sourceTree = "<group>"; };
		F987F86D22F38CB100006141 /* Base */ = {isa = PBXFileReference; lastKnownFileType = file.storyboard; name = Base; path = Base.lproj/Main.storyboard; sourceTree = "<group>"; };
		F987F86F22F38CB300006141 /* Assets.xcassets */ = {isa = PBXFileReference; lastKnownFileType = folder.assetcatalog; path = Assets.xcassets; sourceTree = "<group>"; };
		F987F87222F38CB300006141 /* Base */ = {isa = PBXFileReference; lastKnownFileType = file.storyboard; name = Base; path = Base.lproj/LaunchScreen.storyboard; sourceTree = "<group>"; };
		F987F87422F38CB300006141 /* Info.plist */ = {isa = PBXFileReference; lastKnownFileType = text.plist.xml; path = Info.plist; sourceTree = "<group>"; };
/* End PBXFileReference section */

/* Begin PBXFrameworksBuildPhase section */
		F987F86222F38CB100006141 /* Frameworks */ = {
			isa = PBXFrameworksBuildPhase;
			buildActionMask = 2147483647;
			files = (
			);
			runOnlyForDeploymentPostprocessing = 0;
		};
/* End PBXFrameworksBuildPhase section */

/* Begin PBXGroup section */
		F987F85C22F38CB100006141 = {
			isa = PBXGroup;
			children = (
				F987F86722F38CB100006141 /* BlockingWebBrowser */,
				F987F86622F38CB100006141 /* Products */,
			);
			sourceTree = "<group>";
		};
		F987F86622F38CB100006141 /* Products */ = {
			isa = PBXGroup;
			children = (
				F987F86522F38CB100006141 /* BlockingWebBrowser.app */,
			);
			name = Products;
			sourceTree = "<group>";
		};
		F987F86722F38CB100006141 /* BlockingWebBrowser */ = {
			isa = PBXGroup;
			children = (
				F96088E722F7385D003658C1 /* blockTrackers.json */,
				F987F86822F38CB100006141 /* AppDelegate.swift */,
				F987F86A22F38CB100006141 /* ViewController.swift */,
				F987F86C22F38CB100006141 /* Main.storyboard */,
				F987F86F22F38CB300006141 /* Assets.xcassets */,
				F987F87122F38CB300006141 /* LaunchScreen.storyboard */,
				F987F87422F38CB300006141 /* Info.plist */,
				F97208FA22F7485400933BBF /* BlockerConfiguration.swift */,
			);
			path = BlockingWebBrowser;
			sourceTree = "<group>";
		};
/* End PBXGroup section */

/* Begin PBXNativeTarget section */
		F987F86422F38CB100006141 /* BlockingWebBrowser */ = {
			isa = PBXNativeTarget;
			buildConfigurationList = F987F87722F38CB300006141 /* Build configuration list for PBXNativeTarget "BlockingWebBrowser" */;
			buildPhases = (
				F987F86122F38CB100006141 /* Sources */,
				F987F86222F38CB100006141 /* Frameworks */,
				F987F86322F38CB100006141 /* Resources */,
			);
			buildRules = (
			);
			dependencies = (
			);
			name = BlockingWebBrowser;
			productName = BlockingWebBrowser;
			productReference = F987F86522F38CB100006141 /* BlockingWebBrowser.app */;
			productType = "com.apple.product-type.application";
		};
/* End PBXNativeTarget section */

/* Begin PBXProject section */
		F987F85D22F38CB100006141 /* Project object */ = {
			isa = PBXProject;
			attributes = {
				LastSwiftUpdateCheck = 1030;
				LastUpgradeCheck = 1030;
				ORGANIZATIONNAME = Phoedo;
				TargetAttributes = {
					F987F86422F38CB100006141 = {
						CreatedOnToolsVersion = 10.3;
					};
				};
			};
			buildConfigurationList = F987F86022F38CB100006141 /* Build configuration list for PBXProject "BlockingWebBrowser" */;
			compatibilityVersion = "Xcode 9.3";
			developmentRegion = en;
			hasScannedForEncodings = 0;
			knownRegions = (
				en,
				Base,
			);
			mainGroup = F987F85C22F38CB100006141;
			productRefGroup = F987F86622F38CB100006141 /* Products */;
			projectDirPath = "";
			projectRoot = "";
			targets = (
				F987F86422F38CB100006141 /* BlockingWebBrowser */,
			);
		};
/* End PBXProject section */

/* Begin PBXResourcesBuildPhase section */
		F987F86322F38CB100006141 /* Resources */ = {
			isa = PBXResourcesBuildPhase;
			buildActionMask = 2147483647;
			files = (
				F96088E822F7385D003658C1 /* blockTrackers.json in Resources */,
				F987F87322F38CB300006141 /* LaunchScreen.storyboard in Resources */,
				F987F87022F38CB300006141 /* Assets.xcassets in Resources */,
				F987F86E22F38CB100006141 /* Main.storyboard in Resources */,
			);
			runOnlyForDeploymentPostprocessing = 0;
		};
/* End PBXResourcesBuildPhase section */

/* Begin PBXSourcesBuildPhase section */
		F987F86122F38CB100006141 /* Sources */ = {
			isa = PBXSourcesBuildPhase;
			buildActionMask = 2147483647;
			files = (
				F97208FB22F7485400933BBF /* BlockerConfiguration.swift in Sources */,
				F987F86B22F38CB100006141 /* ViewController.swift in Sources */,
				F987F86922F38CB100006141 /* AppDelegate.swift in Sources */,
			);
			runOnlyForDeploymentPostprocessing = 0;
		};
/* End PBXSourcesBuildPhase section */

/* Begin PBXVariantGroup section */
		F987F86C22F38CB100006141 /* Main.storyboard */ = {
			isa = PBXVariantGroup;
			children = (
				F987F86D22F38CB100006141 /* Base */,
			);
			name = Main.storyboard;
			sourceTree = "<group>";
		};
		F987F87122F38CB300006141 /* LaunchScreen.storyboard */ = {
			isa = PBXVariantGroup;
			children = (
				F987F87222F38CB300006141 /* Base */,
			);
			name = LaunchScreen.storyboard;
			sourceTree = "<group>";
		};
/* End PBXVariantGroup section */

/* Begin XCBuildConfiguration section */
		F987F87522F38CB300006141 /* Debug */ = {
			isa = XCBuildConfiguration;
			buildSettings = {
				ALWAYS_SEARCH_USER_PATHS = NO;
				CLANG_ANALYZER_NONNULL = YES;
				CLANG_ANALYZER_NUMBER_OBJECT_CONVERSION = YES_AGGRESSIVE;
				CLANG_CXX_LANGUAGE_STANDARD = "gnu++14";
				CLANG_CXX_LIBRARY = "libc++";
				CLANG_ENABLE_MODULES = YES;
				CLANG_ENABLE_OBJC_ARC = YES;
				CLANG_ENABLE_OBJC_WEAK = YES;
				CLANG_WARN_BLOCK_CAPTURE_AUTORELEASING = YES;
				CLANG_WARN_BOOL_CONVERSION = YES;
				CLANG_WARN_COMMA = YES;
				CLANG_WARN_CONSTANT_CONVERSION = YES;
				CLANG_WARN_DEPRECATED_OBJC_IMPLEMENTATIONS = YES;
				CLANG_WARN_DIRECT_OBJC_ISA_USAGE = YES_ERROR;
				CLANG_WARN_DOCUMENTATION_COMMENTS = YES;
				CLANG_WARN_EMPTY_BODY = YES;
				CLANG_WARN_ENUM_CONVERSION = YES;
				CLANG_WARN_INFINITE_RECURSION = YES;
				CLANG_WARN_INT_CONVERSION = YES;
				CLANG_WARN_NON_LITERAL_NULL_CONVERSION = YES;
				CLANG_WARN_OBJC_IMPLICIT_RETAIN_SELF = YES;
				CLANG_WARN_OBJC_LITERAL_CONVERSION = YES;
				CLANG_WARN_OBJC_ROOT_CLASS = YES_ERROR;
				CLANG_WARN_RANGE_LOOP_ANALYSIS = YES;
				CLANG_WARN_STRICT_PROTOTYPES = YES;
				CLANG_WARN_SUSPICIOUS_MOVE = YES;
				CLANG_WARN_UNGUARDED_AVAILABILITY = YES_AGGRESSIVE;
				CLANG_WARN_UNREACHABLE_CODE = YES;
				CLANG_WARN__DUPLICATE_METHOD_MATCH = YES;
				CODE_SIGN_IDENTITY = "iPhone Developer";
				COPY_PHASE_STRIP = NO;
				DEBUG_INFORMATION_FORMAT = dwarf;
				ENABLE_STRICT_OBJC_MSGSEND = YES;
				ENABLE_TESTABILITY = YES;
				GCC_C_LANGUAGE_STANDARD = gnu11;
				GCC_DYNAMIC_NO_PIC = NO;
				GCC_NO_COMMON_BLOCKS = YES;
				GCC_OPTIMIZATION_LEVEL = 0;
				GCC_PREPROCESSOR_DEFINITIONS = (
					"DEBUG=1",
					"$(inherited)",
				);
				GCC_WARN_64_TO_32_BIT_CONVERSION = YES;
				GCC_WARN_ABOUT_RETURN_TYPE = YES_ERROR;
				GCC_WARN_UNDECLARED_SELECTOR = YES;
				GCC_WARN_UNINITIALIZED_AUTOS = YES_AGGRESSIVE;
				GCC_WARN_UNUSED_FUNCTION = YES;
				GCC_WARN_UNUSED_VARIABLE = YES;
				IPHONEOS_DEPLOYMENT_TARGET = 12.4;
				MTL_ENABLE_DEBUG_INFO = INCLUDE_SOURCE;
				MTL_FAST_MATH = YES;
				ONLY_ACTIVE_ARCH = YES;
				SDKROOT = iphoneos;
				SWIFT_ACTIVE_COMPILATION_CONDITIONS = DEBUG;
				SWIFT_OPTIMIZATION_LEVEL = "-Onone";
			};
			name = Debug;
		};
		F987F87622F38CB300006141 /* Release */ = {
			isa = XCBuildConfiguration;
			buildSettings = {
				ALWAYS_SEARCH_USER_PATHS = NO;
				CLANG_ANALYZER_NONNULL = YES;
				CLANG_ANALYZER_NUMBER_OBJECT_CONVERSION = YES_AGGRESSIVE;
				CLANG_CXX_LANGUAGE_STANDARD = "gnu++14";
				CLANG_CXX_LIBRARY = "libc++";
				CLANG_ENABLE_MODULES = YES;
				CLANG_ENABLE_OBJC_ARC = YES;
				CLANG_ENABLE_OBJC_WEAK = YES;
				CLANG_WARN_BLOCK_CAPTURE_AUTORELEASING = YES;
				CLANG_WARN_BOOL_CONVERSION = YES;
				CLANG_WARN_COMMA = YES;
				CLANG_WARN_CONSTANT_CONVERSION = YES;
				CLANG_WARN_DEPRECATED_OBJC_IMPLEMENTATIONS = YES;
				CLANG_WARN_DIRECT_OBJC_ISA_USAGE = YES_ERROR;
				CLANG_WARN_DOCUMENTATION_COMMENTS = YES;
				CLANG_WARN_EMPTY_BODY = YES;
				CLANG_WARN_ENUM_CONVERSION = YES;
				CLANG_WARN_INFINITE_RECURSION = YES;
				CLANG_WARN_INT_CONVERSION = YES;
				CLANG_WARN_NON_LITERAL_NULL_CONVERSION = YES;
				CLANG_WARN_OBJC_IMPLICIT_RETAIN_SELF = YES;
				CLANG_WARN_OBJC_LITERAL_CONVERSION = YES;
				CLANG_WARN_OBJC_ROOT_CLASS = YES_ERROR;
				CLANG_WARN_RANGE_LOOP_ANALYSIS = YES;
				CLANG_WARN_STRICT_PROTOTYPES = YES;
				CLANG_WARN_SUSPICIOUS_MOVE = YES;
				CLANG_WARN_UNGUARDED_AVAILABILITY = YES_AGGRESSIVE;
				CLANG_WARN_UNREACHABLE_CODE = YES;
				CLANG_WARN__DUPLICATE_METHOD_MATCH = YES;
				CODE_SIGN_IDENTITY = "iPhone Developer";
				COPY_PHASE_STRIP = NO;
				DEBUG_INFORMATION_FORMAT = "dwarf-with-dsym";
				ENABLE_NS_ASSERTIONS = NO;
				ENABLE_STRICT_OBJC_MSGSEND = YES;
				GCC_C_LANGUAGE_STANDARD = gnu11;
				GCC_NO_COMMON_BLOCKS = YES;
				GCC_WARN_64_TO_32_BIT_CONVERSION = YES;
				GCC_WARN_ABOUT_RETURN_TYPE = YES_ERROR;
				GCC_WARN_UNDECLARED_SELECTOR = YES;
				GCC_WARN_UNINITIALIZED_AUTOS = YES_AGGRESSIVE;
				GCC_WARN_UNUSED_FUNCTION = YES;
				GCC_WARN_UNUSED_VARIABLE = YES;
				IPHONEOS_DEPLOYMENT_TARGET = 12.4;
				MTL_ENABLE_DEBUG_INFO = NO;
				MTL_FAST_MATH = YES;
				SDKROOT = iphoneos;
				SWIFT_COMPILATION_MODE = wholemodule;
				SWIFT_OPTIMIZATION_LEVEL = "-O";
				VALIDATE_PRODUCT = YES;
			};
			name = Release;
		};
		F987F87822F38CB300006141 /* Debug */ = {
			isa = XCBuildConfiguration;
			buildSettings = {
				ASSETCATALOG_COMPILER_APPICON_NAME = AppIcon;
				CODE_SIGN_STYLE = Automatic;
				INFOPLIST_FILE = BlockingWebBrowser/Info.plist;
				LD_RUNPATH_SEARCH_PATHS = (
					"$(inherited)",
					"@executable_path/Frameworks",
				);
				PRODUCT_BUNDLE_IDENTIFIER = dev.phoedo.blockingwebbrowser.BlockingWebBrowser;
				PRODUCT_NAME = "$(TARGET_NAME)";
				SWIFT_VERSION = 5.0;
				TARGETED_DEVICE_FAMILY = "1,2";
			};
			name = Debug;
		};
		F987F87922F38CB300006141 /* Release */ = {
			isa = XCBuildConfiguration;
			buildSettings = {
				ASSETCATALOG_COMPILER_APPICON_NAME = AppIcon;
				CODE_SIGN_STYLE = Automatic;
				INFOPLIST_FILE = BlockingWebBrowser/Info.plist;
				LD_RUNPATH_SEARCH_PATHS = (
					"$(inherited)",
					"@executable_path/Frameworks",
				);
				PRODUCT_BUNDLE_IDENTIFIER = dev.phoedo.blockingwebbrowser.BlockingWebBrowser;
				PRODUCT_NAME = "$(TARGET_NAME)";
				SWIFT_VERSION = 5.0;
				TARGETED_DEVICE_FAMILY = "1,2";
			};
			name = Release;
		};
/* End XCBuildConfiguration section */

/* Begin XCConfigurationList section */
		F987F86022F38CB100006141 /* Build configuration list for PBXProject "BlockingWebBrowser" */ = {
			isa = XCConfigurationList;
			buildConfigurations = (
				F987F87522F38CB300006141 /* Debug */,
				F987F87622F38CB300006141 /* Release */,
			);
			defaultConfigurationIsVisible = 0;
			defaultConfigurationName = Release;
		};
		F987F87722F38CB300006141 /* Build configuration list for PBXNativeTarget "BlockingWebBrowser" */ = {
			isa = XCConfigurationList;
			buildConfigurations = (
				F987F87822F38CB300006141 /* Debug */,
				F987F87922F38CB300006141 /* Release */,
			);
			defaultConfigurationIsVisible = 0;
			defaultConfigurationName = Release;
		};
/* End XCConfigurationList section */
	};
	rootObject = F987F85D22F38CB100006141 /* Project object */;
}
